
Microsoft Visual Studio Solution File, Format Version 12.00
# Visual Studio Version 17
VisualStudioVersion = 17.6.33723.286
MinimumVisualStudioVersion = 10.0.40219.1
Project("{FAE04EC0-301F-11D3-BF4B-00C04F79EFBC}") = "megamind", "megamind.csproj", "{957C73D5-C3F4-4265-84DF-39F190D30CCD}"
EndProject
Global
	GlobalSection(SolutionConfigurationPlatforms) = preSolution
		Debug|Any CPU = Debug|Any CPU
		Release|Any CPU = Release|Any CPU
	EndGlobalSection
	GlobalSection(ProjectConfigurationPlatforms) = postSolution
		{957C73D5-C3F4-4265-84DF-39F190D30CCD}.Debug|Any CPU.ActiveCfg = Debug|Any CPU
		{957C73D5-C3F4-4265-84DF-39F190D30CCD}.Debug|Any CPU.Build.0 = Debug|Any CPU
		{957C73D5-C3F4-4265-84DF-39F190D30CCD}.Release|Any CPU.ActiveCfg = Release|Any CPU
		{957C73D5-C3F4-4265-84DF-39F190D30CCD}.Release|Any CPU.Build.0 = Release|Any CPU
	EndGlobalSection
	GlobalSection(SolutionProperties) = preSolution
		HideSolutionNode = FALSE
	EndGlobalSection
	GlobalSection(ExtensibilityGlobals) = postSolution
		SolutionGuid = {956CA056-4936-435B-8022-07ACDDCF8D33}
	EndGlobalSection
EndGlobal
